
Microsoft Visual Studio Solution File, Format Version 12.00
# Visual Studio Version 17
VisualStudioVersion = 17.11.35312.102
MinimumVisualStudioVersion = 10.0.40219.1
Project("{8BC9CEB8-8B4A-11D0-8D11-00A0C91BC942}") = "mouse_activity", "mouse_activity.vcxproj", "{9B053334-1FFC-4FC9-B876-040E60F6AC19}"
EndProject
Global
	GlobalSection(SolutionConfigurationPlatforms) = preSolution
		Debug|x64 = Debug|x64
		Debug|x86 = Debug|x86
		Release|x64 = Release|x64
		Release|x86 = Release|x86
	EndGlobalSection
	GlobalSection(ProjectConfigurationPlatforms) = postSolution
		{9B053334-1FFC-4FC9-B876-040E60F6AC19}.Debug|x64.ActiveCfg = Debug|x64
		{9B053334-1FFC-4FC9-B876-040E60F6AC19}.Debug|x64.Build.0 = Debug|x64
		{9B053334-1FFC-4FC9-B876-040E60F6AC19}.Debug|x86.ActiveCfg = Debug|Win32
		{9B053334-1FFC-4FC9-B876-040E60F6AC19}.Debug|x86.Build.0 = Debug|Win32
		{9B053334-1FFC-4FC9-B876-040E60F6AC19}.Release|x64.ActiveCfg = Release|x64
		{9B053334-1FFC-4FC9-B876-040E60F6AC19}.Release|x64.Build.0 = Release|x64
		{9B053334-1FFC-4FC9-B876-040E60F6AC19}.Release|x86.ActiveCfg = Release|Win32
		{9B053334-1FFC-4FC9-B876-040E60F6AC19}.Release|x86.Build.0 = Release|Win32
	EndGlobalSection
	GlobalSection(SolutionProperties) = preSolution
		HideSolutionNode = FALSE
	EndGlobalSection
	GlobalSection(ExtensibilityGlobals) = postSolution
		SolutionGuid = {8D2E42E5-5264-43B1-8618-DEA475FA6B5E}
	EndGlobalSection
EndGlobal
